// !$*UTF8*$!
{
	archiveVersion = 1;
	classes = {
	};
	objectVersion = 46;
	objects = {

/* Begin PBXBuildFile section */
		D0B282331967C21F00537ABB /* AppDelegate.swift in Sources */ = {isa = PBXBuildFile; fileRef = D0B282321967C21F00537ABB /* AppDelegate.swift */; };
		D0B282351967C21F00537ABB /* Images.xcassets in Resources */ = {isa = PBXBuildFile; fileRef = D0B282341967C21F00537ABB /* Images.xcassets */; };
		D0B282411967C21F00537ABB /* GroceryListTests.swift in Sources */ = {isa = PBXBuildFile; fileRef = D0B282401967C21F00537ABB /* GroceryListTests.swift */; };
		D0B2825A1967C2EB00537ABB /* ReactiveCocoa.framework in Frameworks */ = {isa = PBXBuildFile; fileRef = D0B282521967C2C800537ABB /* ReactiveCocoa.framework */; };
		D0B282631967C4AD00537ABB /* ViewController.swift in Sources */ = {isa = PBXBuildFile; fileRef = D0B282621967C4AD00537ABB /* ViewController.swift */; };
		D0B282A21967D62300537ABB /* TableViewController.swift in Sources */ = {isa = PBXBuildFile; fileRef = D0B282A11967D62300537ABB /* TableViewController.swift */; };
		D0B282A61967D7D600537ABB /* GroceryStore.swift in Sources */ = {isa = PBXBuildFile; fileRef = D0B282A51967D7D600537ABB /* GroceryStore.swift */; };
		D0B282A81967D8A000537ABB /* GroceryItem.swift in Sources */ = {isa = PBXBuildFile; fileRef = D0B282A71967D8A000537ABB /* GroceryItem.swift */; };
		D0B282AA1967D96100537ABB /* GroceryList.swift in Sources */ = {isa = PBXBuildFile; fileRef = D0B282A91967D96100537ABB /* GroceryList.swift */; };
		D0B282B01967DA7400537ABB /* SequenceExtensions.swift in Sources */ = {isa = PBXBuildFile; fileRef = D0B282AF1967DA7400537ABB /* SequenceExtensions.swift */; };
		D0B282B31967DC6E00537ABB /* GroceryListViewModel.swift in Sources */ = {isa = PBXBuildFile; fileRef = D0B282B21967DC6E00537ABB /* GroceryListViewModel.swift */; };
		D0B282B51967DCAC00537ABB /* GroceryItemViewModel.swift in Sources */ = {isa = PBXBuildFile; fileRef = D0B282B41967DCAC00537ABB /* GroceryItemViewModel.swift */; };
		D0B282B71967DD8600537ABB /* GroceryStoreViewModel.swift in Sources */ = {isa = PBXBuildFile; fileRef = D0B282B61967DD8600537ABB /* GroceryStoreViewModel.swift */; };
		D0B282BB1967E7AB00537ABB /* GroceryListViewController.swift in Sources */ = {isa = PBXBuildFile; fileRef = D0B282BA1967E7AB00537ABB /* GroceryListViewController.swift */; };
		D0B282C11967EB7300537ABB /* GroceryItemCell.swift in Sources */ = {isa = PBXBuildFile; fileRef = D0B282C01967EB7300537ABB /* GroceryItemCell.swift */; };
/* End PBXBuildFile section */

/* Begin PBXContainerItemProxy section */
		D0B2823B1967C21F00537ABB /* PBXContainerItemProxy */ = {
			isa = PBXContainerItemProxy;
			containerPortal = D0B282251967C21F00537ABB /* Project object */;
			proxyType = 1;
			remoteGlobalIDString = D0B2822C1967C21F00537ABB;
			remoteInfo = GroceryList;
		};
		D0B282511967C2C800537ABB /* PBXContainerItemProxy */ = {
			isa = PBXContainerItemProxy;
			containerPortal = D0B2824A1967C2C700537ABB /* ReactiveCocoa.xcodeproj */;
			proxyType = 2;
			remoteGlobalIDString = D047967319666BF30066B267;
			remoteInfo = "ReactiveCocoa-Mac";
		};
		D0B282531967C2C800537ABB /* PBXContainerItemProxy */ = {
			isa = PBXContainerItemProxy;
			containerPortal = D0B2824A1967C2C700537ABB /* ReactiveCocoa.xcodeproj */;
			proxyType = 2;
			remoteGlobalIDString = D047967E19666BF30066B267;
			remoteInfo = "ReactiveCocoa-MacTests";
		};
		D0B282551967C2C800537ABB /* PBXContainerItemProxy */ = {
			isa = PBXContainerItemProxy;
			containerPortal = D0B2824A1967C2C700537ABB /* ReactiveCocoa.xcodeproj */;
			proxyType = 2;
			remoteGlobalIDString = D047969A19666CBF0066B267;
			remoteInfo = "ReactiveCocoa-iOS";
		};
		D0B282571967C2C800537ABB /* PBXContainerItemProxy */ = {
			isa = PBXContainerItemProxy;
			containerPortal = D0B2824A1967C2C700537ABB /* ReactiveCocoa.xcodeproj */;
			proxyType = 2;
			remoteGlobalIDString = D04796A419666CBF0066B267;
			remoteInfo = "ReactiveCocoa-iOSTests";
		};
/* End PBXContainerItemProxy section */

/* Begin PBXCopyFilesBuildPhase section */
		D0B2825B1967C2F100537ABB /* Copy Frameworks */ = {
			isa = PBXCopyFilesBuildPhase;
			buildActionMask = 2147483647;
			dstPath = "";
			dstSubfolderSpec = 10;
			files = (
			);
			name = "Copy Frameworks";
			runOnlyForDeploymentPostprocessing = 0;
		};
/* End PBXCopyFilesBuildPhase section */

/* Begin PBXFileReference section */
		D0B2822D1967C21F00537ABB /* GroceryList.app */ = {isa = PBXFileReference; explicitFileType = wrapper.application; includeInIndex = 0; path = GroceryList.app; sourceTree = BUILT_PRODUCTS_DIR; };
		D0B282311967C21F00537ABB /* Info.plist */ = {isa = PBXFileReference; lastKnownFileType = text.plist.xml; path = Info.plist; sourceTree = "<group>"; };
		D0B282321967C21F00537ABB /* AppDelegate.swift */ = {isa = PBXFileReference; lastKnownFileType = sourcecode.swift; path = AppDelegate.swift; sourceTree = "<group>"; };
		D0B282341967C21F00537ABB /* Images.xcassets */ = {isa = PBXFileReference; lastKnownFileType = folder.assetcatalog; path = Images.xcassets; sourceTree = "<group>"; };
		D0B2823A1967C21F00537ABB /* GroceryListTests.xctest */ = {isa = PBXFileReference; explicitFileType = wrapper.cfbundle; includeInIndex = 0; path = GroceryListTests.xctest; sourceTree = BUILT_PRODUCTS_DIR; };
		D0B2823F1967C21F00537ABB /* Info.plist */ = {isa = PBXFileReference; lastKnownFileType = text.plist.xml; path = Info.plist; sourceTree = "<group>"; };
		D0B282401967C21F00537ABB /* GroceryListTests.swift */ = {isa = PBXFileReference; lastKnownFileType = sourcecode.swift; path = GroceryListTests.swift; sourceTree = "<group>"; };
		D0B2824A1967C2C700537ABB /* ReactiveCocoa.xcodeproj */ = {isa = PBXFileReference; lastKnownFileType = "wrapper.pb-project"; name = ReactiveCocoa.xcodeproj; path = External/ReactiveCocoa/ReactiveCocoa.xcodeproj; sourceTree = "<group>"; };
		D0B282621967C4AD00537ABB /* ViewController.swift */ = {isa = PBXFileReference; fileEncoding = 4; lastKnownFileType = sourcecode.swift; path = ViewController.swift; sourceTree = "<group>"; };
		D0B282681967C93900537ABB /* Common.xcconfig */ = {isa = PBXFileReference; lastKnownFileType = text.xcconfig; path = Common.xcconfig; sourceTree = "<group>"; };
		D0B2826A1967C93900537ABB /* Debug.xcconfig */ = {isa = PBXFileReference; lastKnownFileType = text.xcconfig; path = Debug.xcconfig; sourceTree = "<group>"; };
		D0B2826B1967C93900537ABB /* Profile.xcconfig */ = {isa = PBXFileReference; lastKnownFileType = text.xcconfig; path = Profile.xcconfig; sourceTree = "<group>"; };
		D0B2826C1967C93900537ABB /* Release.xcconfig */ = {isa = PBXFileReference; lastKnownFileType = text.xcconfig; path = Release.xcconfig; sourceTree = "<group>"; };
		D0B2826D1967C93900537ABB /* Test.xcconfig */ = {isa = PBXFileReference; lastKnownFileType = text.xcconfig; path = Test.xcconfig; sourceTree = "<group>"; };
		D0B2826F1967C93900537ABB /* Application.xcconfig */ = {isa = PBXFileReference; lastKnownFileType = text.xcconfig; path = Application.xcconfig; sourceTree = "<group>"; };
		D0B282701967C93900537ABB /* Framework.xcconfig */ = {isa = PBXFileReference; lastKnownFileType = text.xcconfig; path = Framework.xcconfig; sourceTree = "<group>"; };
		D0B282711967C93900537ABB /* StaticLibrary.xcconfig */ = {isa = PBXFileReference; lastKnownFileType = text.xcconfig; path = StaticLibrary.xcconfig; sourceTree = "<group>"; };
		D0B282731967C93900537ABB /* iOS-Application.xcconfig */ = {isa = PBXFileReference; lastKnownFileType = text.xcconfig; path = "iOS-Application.xcconfig"; sourceTree = "<group>"; };
		D0B282741967C93900537ABB /* iOS-Base.xcconfig */ = {isa = PBXFileReference; lastKnownFileType = text.xcconfig; path = "iOS-Base.xcconfig"; sourceTree = "<group>"; };
		D0B282751967C93900537ABB /* iOS-Framework.xcconfig */ = {isa = PBXFileReference; lastKnownFileType = text.xcconfig; path = "iOS-Framework.xcconfig"; sourceTree = "<group>"; };
		D0B282761967C93900537ABB /* iOS-StaticLibrary.xcconfig */ = {isa = PBXFileReference; lastKnownFileType = text.xcconfig; path = "iOS-StaticLibrary.xcconfig"; sourceTree = "<group>"; };
		D0B282781967C93900537ABB /* Mac-Application.xcconfig */ = {isa = PBXFileReference; lastKnownFileType = text.xcconfig; path = "Mac-Application.xcconfig"; sourceTree = "<group>"; };
		D0B282791967C93900537ABB /* Mac-Base.xcconfig */ = {isa = PBXFileReference; lastKnownFileType = text.xcconfig; path = "Mac-Base.xcconfig"; sourceTree = "<group>"; };
		D0B2827A1967C93900537ABB /* Mac-DynamicLibrary.xcconfig */ = {isa = PBXFileReference; lastKnownFileType = text.xcconfig; path = "Mac-DynamicLibrary.xcconfig"; sourceTree = "<group>"; };
		D0B2827B1967C93900537ABB /* Mac-Framework.xcconfig */ = {isa = PBXFileReference; lastKnownFileType = text.xcconfig; path = "Mac-Framework.xcconfig"; sourceTree = "<group>"; };
		D0B2827C1967C93900537ABB /* Mac-StaticLibrary.xcconfig */ = {isa = PBXFileReference; lastKnownFileType = text.xcconfig; path = "Mac-StaticLibrary.xcconfig"; sourceTree = "<group>"; };
		D0B2827D1967C93900537ABB /* README.md */ = {isa = PBXFileReference; lastKnownFileType = net.daringfireball.markdown; path = README.md; sourceTree = "<group>"; };
		D0B282A11967D62300537ABB /* TableViewController.swift */ = {isa = PBXFileReference; fileEncoding = 4; lastKnownFileType = sourcecode.swift; path = TableViewController.swift; sourceTree = "<group>"; };
		D0B282A51967D7D600537ABB /* GroceryStore.swift */ = {isa = PBXFileReference; fileEncoding = 4; lastKnownFileType = sourcecode.swift; path = GroceryStore.swift; sourceTree = "<group>"; };
		D0B282A71967D8A000537ABB /* GroceryItem.swift */ = {isa = PBXFileReference; fileEncoding = 4; lastKnownFileType = sourcecode.swift; path = GroceryItem.swift; sourceTree = "<group>"; };
		D0B282A91967D96100537ABB /* GroceryList.swift */ = {isa = PBXFileReference; fileEncoding = 4; lastKnownFileType = sourcecode.swift; path = GroceryList.swift; sourceTree = "<group>"; };
		D0B282AF1967DA7400537ABB /* SequenceExtensions.swift */ = {isa = PBXFileReference; fileEncoding = 4; lastKnownFileType = sourcecode.swift; path = SequenceExtensions.swift; sourceTree = "<group>"; };
		D0B282B21967DC6E00537ABB /* GroceryListViewModel.swift */ = {isa = PBXFileReference; fileEncoding = 4; lastKnownFileType = sourcecode.swift; path = GroceryListViewModel.swift; sourceTree = "<group>"; };
		D0B282B41967DCAC00537ABB /* GroceryItemViewModel.swift */ = {isa = PBXFileReference; fileEncoding = 4; lastKnownFileType = sourcecode.swift; path = GroceryItemViewModel.swift; sourceTree = "<group>"; };
		D0B282B61967DD8600537ABB /* GroceryStoreViewModel.swift */ = {isa = PBXFileReference; fileEncoding = 4; lastKnownFileType = sourcecode.swift; path = GroceryStoreViewModel.swift; sourceTree = "<group>"; };
		D0B282BA1967E7AB00537ABB /* GroceryListViewController.swift */ = {isa = PBXFileReference; fileEncoding = 4; lastKnownFileType = sourcecode.swift; path = GroceryListViewController.swift; sourceTree = "<group>"; };
		D0B282C01967EB7300537ABB /* GroceryItemCell.swift */ = {isa = PBXFileReference; fileEncoding = 4; lastKnownFileType = sourcecode.swift; path = GroceryItemCell.swift; sourceTree = "<group>"; };
/* End PBXFileReference section */

/* Begin PBXFrameworksBuildPhase section */
		D0B2822A1967C21F00537ABB /* Frameworks */ = {
			isa = PBXFrameworksBuildPhase;
			buildActionMask = 2147483647;
			files = (
				D0B2825A1967C2EB00537ABB /* ReactiveCocoa.framework in Frameworks */,
			);
			runOnlyForDeploymentPostprocessing = 0;
		};
		D0B282371967C21F00537ABB /* Frameworks */ = {
			isa = PBXFrameworksBuildPhase;
			buildActionMask = 2147483647;
			files = (
			);
			runOnlyForDeploymentPostprocessing = 0;
		};
/* End PBXFrameworksBuildPhase section */

/* Begin PBXGroup section */
		D0B282241967C21F00537ABB = {
			isa = PBXGroup;
			children = (
				D0B2822F1967C21F00537ABB /* GroceryList */,
				D0B2823D1967C21F00537ABB /* GroceryListTests */,
				D0B282591967C2CA00537ABB /* Frameworks */,
				D0B282661967C93900537ABB /* Configuration */,
				D0B2822E1967C21F00537ABB /* Products */,
			);
			sourceTree = "<group>";
		};
		D0B2822E1967C21F00537ABB /* Products */ = {
			isa = PBXGroup;
			children = (
				D0B2822D1967C21F00537ABB /* GroceryList.app */,
				D0B2823A1967C21F00537ABB /* GroceryListTests.xctest */,
			);
			name = Products;
			sourceTree = "<group>";
		};
		D0B2822F1967C21F00537ABB /* GroceryList */ = {
			isa = PBXGroup;
			children = (
				D0B282AD1967DA1500537ABB /* Extensions */,
				D0B282AB1967D96700537ABB /* Model */,
				D0B282B11967DC6400537ABB /* View Model */,
				D0B282AC1967D96D00537ABB /* View */,
				D0B282341967C21F00537ABB /* Images.xcassets */,
				D0B282301967C21F00537ABB /* Supporting Files */,
			);
			path = GroceryList;
			sourceTree = "<group>";
		};
		D0B282301967C21F00537ABB /* Supporting Files */ = {
			isa = PBXGroup;
			children = (
				D0B282311967C21F00537ABB /* Info.plist */,
			);
			name = "Supporting Files";
			sourceTree = "<group>";
		};
		D0B2823D1967C21F00537ABB /* GroceryListTests */ = {
			isa = PBXGroup;
			children = (
				D0B282401967C21F00537ABB /* GroceryListTests.swift */,
				D0B2823E1967C21F00537ABB /* Supporting Files */,
			);
			path = GroceryListTests;
			sourceTree = "<group>";
		};
		D0B2823E1967C21F00537ABB /* Supporting Files */ = {
			isa = PBXGroup;
			children = (
				D0B2823F1967C21F00537ABB /* Info.plist */,
			);
			name = "Supporting Files";
			sourceTree = "<group>";
		};
		D0B2824B1967C2C700537ABB /* Products */ = {
			isa = PBXGroup;
			children = (
				D0B282521967C2C800537ABB /* ReactiveCocoa.framework */,
				D0B282541967C2C800537ABB /* ReactiveCocoa-MacTests.xctest */,
				D0B282561967C2C800537ABB /* ReactiveCocoa.framework */,
				D0B282581967C2C800537ABB /* ReactiveCocoa-iOSTests.xctest */,
			);
			name = Products;
			sourceTree = "<group>";
		};
		D0B282591967C2CA00537ABB /* Frameworks */ = {
			isa = PBXGroup;
			children = (
				D0B2824A1967C2C700537ABB /* ReactiveCocoa.xcodeproj */,
			);
			name = Frameworks;
			sourceTree = "<group>";
		};
		D0B282661967C93900537ABB /* Configuration */ = {
			isa = PBXGroup;
			children = (
				D0B282671967C93900537ABB /* Base */,
				D0B282721967C93900537ABB /* iOS */,
				D0B282771967C93900537ABB /* Mac OS X */,
				D0B2827D1967C93900537ABB /* README.md */,
			);
			name = Configuration;
			path = External/ReactiveCocoa/External/xcconfigs;
			sourceTree = "<group>";
		};
		D0B282671967C93900537ABB /* Base */ = {
			isa = PBXGroup;
			children = (
				D0B282681967C93900537ABB /* Common.xcconfig */,
				D0B282691967C93900537ABB /* Configurations */,
				D0B2826E1967C93900537ABB /* Targets */,
			);
			path = Base;
			sourceTree = "<group>";
		};
		D0B282691967C93900537ABB /* Configurations */ = {
			isa = PBXGroup;
			children = (
				D0B2826A1967C93900537ABB /* Debug.xcconfig */,
				D0B2826B1967C93900537ABB /* Profile.xcconfig */,
				D0B2826C1967C93900537ABB /* Release.xcconfig */,
				D0B2826D1967C93900537ABB /* Test.xcconfig */,
			);
			path = Configurations;
			sourceTree = "<group>";
		};
		D0B2826E1967C93900537ABB /* Targets */ = {
			isa = PBXGroup;
			children = (
				D0B2826F1967C93900537ABB /* Application.xcconfig */,
				D0B282701967C93900537ABB /* Framework.xcconfig */,
				D0B282711967C93900537ABB /* StaticLibrary.xcconfig */,
			);
			path = Targets;
			sourceTree = "<group>";
		};
		D0B282721967C93900537ABB /* iOS */ = {
			isa = PBXGroup;
			children = (
				D0B282731967C93900537ABB /* iOS-Application.xcconfig */,
				D0B282741967C93900537ABB /* iOS-Base.xcconfig */,
				D0B282751967C93900537ABB /* iOS-Framework.xcconfig */,
				D0B282761967C93900537ABB /* iOS-StaticLibrary.xcconfig */,
			);
			path = iOS;
			sourceTree = "<group>";
		};
		D0B282771967C93900537ABB /* Mac OS X */ = {
			isa = PBXGroup;
			children = (
				D0B282781967C93900537ABB /* Mac-Application.xcconfig */,
				D0B282791967C93900537ABB /* Mac-Base.xcconfig */,
				D0B2827A1967C93900537ABB /* Mac-DynamicLibrary.xcconfig */,
				D0B2827B1967C93900537ABB /* Mac-Framework.xcconfig */,
				D0B2827C1967C93900537ABB /* Mac-StaticLibrary.xcconfig */,
			);
			path = "Mac OS X";
			sourceTree = "<group>";
		};
		D0B282AB1967D96700537ABB /* Model */ = {
			isa = PBXGroup;
			children = (
				D0B282A91967D96100537ABB /* GroceryList.swift */,
				D0B282A71967D8A000537ABB /* GroceryItem.swift */,
				D0B282A51967D7D600537ABB /* GroceryStore.swift */,
			);
			name = Model;
			sourceTree = "<group>";
		};
		D0B282AC1967D96D00537ABB /* View */ = {
			isa = PBXGroup;
			children = (
				D0B282321967C21F00537ABB /* AppDelegate.swift */,
				D0B282C01967EB7300537ABB /* GroceryItemCell.swift */,
				D0B282BA1967E7AB00537ABB /* GroceryListViewController.swift */,
				D0B282A11967D62300537ABB /* TableViewController.swift */,
				D0B282621967C4AD00537ABB /* ViewController.swift */,
			);
			name = View;
			sourceTree = "<group>";
		};
		D0B282AD1967DA1500537ABB /* Extensions */ = {
			isa = PBXGroup;
			children = (
				D0B282AF1967DA7400537ABB /* SequenceExtensions.swift */,
			);
			name = Extensions;
			sourceTree = "<group>";
		};
		D0B282B11967DC6400537ABB /* View Model */ = {
			isa = PBXGroup;
			children = (
				D0B282B41967DCAC00537ABB /* GroceryItemViewModel.swift */,
				D0B282B21967DC6E00537ABB /* GroceryListViewModel.swift */,
				D0B282B61967DD8600537ABB /* GroceryStoreViewModel.swift */,
			);
			name = "View Model";
			sourceTree = "<group>";
		};
/* End PBXGroup section */

/* Begin PBXNativeTarget section */
		D0B2822C1967C21F00537ABB /* GroceryList */ = {
			isa = PBXNativeTarget;
			buildConfigurationList = D0B282441967C21F00537ABB /* Build configuration list for PBXNativeTarget "GroceryList" */;
			buildPhases = (
				D0B282291967C21F00537ABB /* Sources */,
				D0B2822A1967C21F00537ABB /* Frameworks */,
				D0B2822B1967C21F00537ABB /* Resources */,
				D0B2825B1967C2F100537ABB /* Copy Frameworks */,
			);
			buildRules = (
			);
			dependencies = (
			);
			name = GroceryList;
			productName = GroceryList;
			productReference = D0B2822D1967C21F00537ABB /* GroceryList.app */;
			productType = "com.apple.product-type.application";
		};
		D0B282391967C21F00537ABB /* GroceryListTests */ = {
			isa = PBXNativeTarget;
			buildConfigurationList = D0B282471967C21F00537ABB /* Build configuration list for PBXNativeTarget "GroceryListTests" */;
			buildPhases = (
				D0B282361967C21F00537ABB /* Sources */,
				D0B282371967C21F00537ABB /* Frameworks */,
				D0B282381967C21F00537ABB /* Resources */,
			);
			buildRules = (
			);
			dependencies = (
				D0B2823C1967C21F00537ABB /* PBXTargetDependency */,
			);
			name = GroceryListTests;
			productName = GroceryListTests;
			productReference = D0B2823A1967C21F00537ABB /* GroceryListTests.xctest */;
			productType = "com.apple.product-type.bundle.unit-test";
		};
/* End PBXNativeTarget section */

/* Begin PBXProject section */
		D0B282251967C21F00537ABB /* Project object */ = {
			isa = PBXProject;
			attributes = {
				LastUpgradeCheck = 0600;
				ORGANIZATIONNAME = "Justin Spahr-Summers";
				TargetAttributes = {
					D0B2822C1967C21F00537ABB = {
						CreatedOnToolsVersion = 6.0;
					};
					D0B282391967C21F00537ABB = {
						CreatedOnToolsVersion = 6.0;
						TestTargetID = D0B2822C1967C21F00537ABB;
					};
				};
			};
			buildConfigurationList = D0B282281967C21F00537ABB /* Build configuration list for PBXProject "GroceryList" */;
			compatibilityVersion = "Xcode 3.2";
			developmentRegion = English;
			hasScannedForEncodings = 0;
			knownRegions = (
				en,
			);
			mainGroup = D0B282241967C21F00537ABB;
			productRefGroup = D0B2822E1967C21F00537ABB /* Products */;
			projectDirPath = "";
			projectReferences = (
				{
					ProductGroup = D0B2824B1967C2C700537ABB /* Products */;
					ProjectRef = D0B2824A1967C2C700537ABB /* ReactiveCocoa.xcodeproj */;
				},
			);
			projectRoot = "";
			targets = (
				D0B2822C1967C21F00537ABB /* GroceryList */,
				D0B282391967C21F00537ABB /* GroceryListTests */,
			);
		};
/* End PBXProject section */

/* Begin PBXReferenceProxy section */
		D0B282521967C2C800537ABB /* ReactiveCocoa.framework */ = {
			isa = PBXReferenceProxy;
			fileType = wrapper.framework;
			path = ReactiveCocoa.framework;
			remoteRef = D0B282511967C2C800537ABB /* PBXContainerItemProxy */;
			sourceTree = BUILT_PRODUCTS_DIR;
		};
		D0B282541967C2C800537ABB /* ReactiveCocoa-MacTests.xctest */ = {
			isa = PBXReferenceProxy;
			fileType = wrapper.cfbundle;
			path = "ReactiveCocoa-MacTests.xctest";
			remoteRef = D0B282531967C2C800537ABB /* PBXContainerItemProxy */;
			sourceTree = BUILT_PRODUCTS_DIR;
		};
		D0B282561967C2C800537ABB /* ReactiveCocoa.framework */ = {
			isa = PBXReferenceProxy;
			fileType = wrapper.framework;
			path = ReactiveCocoa.framework;
			remoteRef = D0B282551967C2C800537ABB /* PBXContainerItemProxy */;
			sourceTree = BUILT_PRODUCTS_DIR;
		};
		D0B282581967C2C800537ABB /* ReactiveCocoa-iOSTests.xctest */ = {
			isa = PBXReferenceProxy;
			fileType = wrapper.cfbundle;
			path = "ReactiveCocoa-iOSTests.xctest";
			remoteRef = D0B282571967C2C800537ABB /* PBXContainerItemProxy */;
			sourceTree = BUILT_PRODUCTS_DIR;
		};
/* End PBXReferenceProxy section */

/* Begin PBXResourcesBuildPhase section */
		D0B2822B1967C21F00537ABB /* Resources */ = {
			isa = PBXResourcesBuildPhase;
			buildActionMask = 2147483647;
			files = (
				D0B282351967C21F00537ABB /* Images.xcassets in Resources */,
			);
			runOnlyForDeploymentPostprocessing = 0;
		};
		D0B282381967C21F00537ABB /* Resources */ = {
			isa = PBXResourcesBuildPhase;
			buildActionMask = 2147483647;
			files = (
			);
			runOnlyForDeploymentPostprocessing = 0;
		};
/* End PBXResourcesBuildPhase section */

/* Begin PBXSourcesBuildPhase section */
		D0B282291967C21F00537ABB /* Sources */ = {
			isa = PBXSourcesBuildPhase;
			buildActionMask = 2147483647;
			files = (
				D0B282BB1967E7AB00537ABB /* GroceryListViewController.swift in Sources */,
				D0B282B31967DC6E00537ABB /* GroceryListViewModel.swift in Sources */,
				D0B282C11967EB7300537ABB /* GroceryItemCell.swift in Sources */,
				D0B282631967C4AD00537ABB /* ViewController.swift in Sources */,
				D0B282B51967DCAC00537ABB /* GroceryItemViewModel.swift in Sources */,
				D0B282AA1967D96100537ABB /* GroceryList.swift in Sources */,
				D0B282B71967DD8600537ABB /* GroceryStoreViewModel.swift in Sources */,
				D0B282B01967DA7400537ABB /* SequenceExtensions.swift in Sources */,
				D0B282A61967D7D600537ABB /* GroceryStore.swift in Sources */,
				D0B282A21967D62300537ABB /* TableViewController.swift in Sources */,
				D0B282A81967D8A000537ABB /* GroceryItem.swift in Sources */,
				D0B282331967C21F00537ABB /* AppDelegate.swift in Sources */,
			);
			runOnlyForDeploymentPostprocessing = 0;
		};
		D0B282361967C21F00537ABB /* Sources */ = {
			isa = PBXSourcesBuildPhase;
			buildActionMask = 2147483647;
			files = (
				D0B282411967C21F00537ABB /* GroceryListTests.swift in Sources */,
			);
			runOnlyForDeploymentPostprocessing = 0;
		};
/* End PBXSourcesBuildPhase section */

/* Begin PBXTargetDependency section */
		D0B2823C1967C21F00537ABB /* PBXTargetDependency */ = {
			isa = PBXTargetDependency;
			target = D0B2822C1967C21F00537ABB /* GroceryList */;
			targetProxy = D0B2823B1967C21F00537ABB /* PBXContainerItemProxy */;
		};
/* End PBXTargetDependency section */

/* Begin XCBuildConfiguration section */
		D0B282421967C21F00537ABB /* Debug */ = {
			isa = XCBuildConfiguration;
			baseConfigurationReference = D0B2826A1967C93900537ABB /* Debug.xcconfig */;
			buildSettings = {
				CLANG_CXX_LANGUAGE_STANDARD = "gnu++0x";
				CLANG_CXX_LIBRARY = "libc++";
				"CODE_SIGN_IDENTITY[sdk=iphoneos*]" = "iPhone Developer";
				GCC_C_LANGUAGE_STANDARD = gnu99;
				IPHONEOS_DEPLOYMENT_TARGET = 7.1;
				SDKROOT = iphoneos;
			};
			name = Debug;
		};
		D0B282431967C21F00537ABB /* Release */ = {
			isa = XCBuildConfiguration;
			baseConfigurationReference = D0B2826C1967C93900537ABB /* Release.xcconfig */;
			buildSettings = {
				CLANG_CXX_LANGUAGE_STANDARD = "gnu++0x";
				CLANG_CXX_LIBRARY = "libc++";
				"CODE_SIGN_IDENTITY[sdk=iphoneos*]" = "iPhone Developer";
				GCC_C_LANGUAGE_STANDARD = gnu99;
				IPHONEOS_DEPLOYMENT_TARGET = 7.1;
				SDKROOT = iphoneos;
			};
			name = Release;
		};
		D0B282451967C21F00537ABB /* Debug */ = {
			isa = XCBuildConfiguration;
			baseConfigurationReference = D0B282731967C93900537ABB /* iOS-Application.xcconfig */;
			buildSettings = {
				ASSETCATALOG_COMPILER_APPICON_NAME = AppIcon;
				ASSETCATALOG_COMPILER_LAUNCHIMAGE_NAME = LaunchImage;
				INFOPLIST_FILE = GroceryList/Info.plist;
				PRODUCT_NAME = "$(TARGET_NAME)";
			};
			name = Debug;
		};
		D0B282461967C21F00537ABB /* Release */ = {
			isa = XCBuildConfiguration;
			baseConfigurationReference = D0B282731967C93900537ABB /* iOS-Application.xcconfig */;
			buildSettings = {
				ASSETCATALOG_COMPILER_APPICON_NAME = AppIcon;
				ASSETCATALOG_COMPILER_LAUNCHIMAGE_NAME = LaunchImage;
				INFOPLIST_FILE = GroceryList/Info.plist;
				PRODUCT_NAME = "$(TARGET_NAME)";
			};
			name = Release;
		};
		D0B282481967C21F00537ABB /* Debug */ = {
			isa = XCBuildConfiguration;
			baseConfigurationReference = D0B282731967C93900537ABB /* iOS-Application.xcconfig */;
			buildSettings = {
				BUNDLE_LOADER = "$(BUILT_PRODUCTS_DIR)/GroceryList.app/GroceryList";
				FRAMEWORK_SEARCH_PATHS = (
					"$(SDKROOT)/Developer/Library/Frameworks",
					"$(inherited)",
				);
				INFOPLIST_FILE = GroceryListTests/Info.plist;
				LD_RUNPATH_SEARCH_PATHS = "$(inherited) @executable_path/Frameworks @loader_path/Frameworks";
				PRODUCT_NAME = "$(TARGET_NAME)";
				TEST_HOST = "$(BUNDLE_LOADER)";
			};
			name = Debug;
		};
		D0B282491967C21F00537ABB /* Release */ = {
			isa = XCBuildConfiguration;
			baseConfigurationReference = D0B282731967C93900537ABB /* iOS-Application.xcconfig */;
			buildSettings = {
				BUNDLE_LOADER = "$(BUILT_PRODUCTS_DIR)/GroceryList.app/GroceryList";
				FRAMEWORK_SEARCH_PATHS = (
					"$(SDKROOT)/Developer/Library/Frameworks",
					"$(inherited)",
				);
				INFOPLIST_FILE = GroceryListTests/Info.plist;
				LD_RUNPATH_SEARCH_PATHS = "$(inherited) @executable_path/Frameworks @loader_path/Frameworks";
				PRODUCT_NAME = "$(TARGET_NAME)";
				TEST_HOST = "$(BUNDLE_LOADER)";
			};
			name = Release;
		};
/* End XCBuildConfiguration section */

/* Begin XCConfigurationList section */
		D0B282281967C21F00537ABB /* Build configuration list for PBXProject "GroceryList" */ = {
			isa = XCConfigurationList;
			buildConfigurations = (
				D0B282421967C21F00537ABB /* Debug */,
				D0B282431967C21F00537ABB /* Release */,
			);
			defaultConfigurationIsVisible = 0;
			defaultConfigurationName = Release;
		};
		D0B282441967C21F00537ABB /* Build configuration list for PBXNativeTarget "GroceryList" */ = {
			isa = XCConfigurationList;
			buildConfigurations = (
				D0B282451967C21F00537ABB /* Debug */,
				D0B282461967C21F00537ABB /* Release */,
			);
			defaultConfigurationIsVisible = 0;
			defaultConfigurationName = Release;
		};
		D0B282471967C21F00537ABB /* Build configuration list for PBXNativeTarget "GroceryListTests" */ = {
			isa = XCConfigurationList;
			buildConfigurations = (
				D0B282481967C21F00537ABB /* Debug */,
				D0B282491967C21F00537ABB /* Release */,
			);
			defaultConfigurationIsVisible = 0;
			defaultConfigurationName = Release;
		};
/* End XCConfigurationList section */
	};
	rootObject = D0B282251967C21F00537ABB /* Project object */;
}
